
Microsoft Visual Studio Solution File, Format Version 12.00
# Visual Studio Version 17
VisualStudioVersion = 17.5.33424.131
MinimumVisualStudioVersion = 10.0.40219.1
Project("{2150E333-8FDC-42A3-9474-1A3956D46DE8}") = "Clients", "Clients", "{242E99F8-F048-49B4-B741-FEF1F392EABD}"
EndProject
Project("{2150E333-8FDC-42A3-9474-1A3956D46DE8}") = "Hub", "Hub", "{FDF1F40A-65FC-4E9C-B684-519DE65C444D}"
EndProject
Project("{2150E333-8FDC-42A3-9474-1A3956D46DE8}") = "Remote", "Remote", "{DEC2A420-D365-4242-B6C4-3589611C57D2}"
EndProject
Project("{2150E333-8FDC-42A3-9474-1A3956D46DE8}") = "Shared", "Shared", "{BCCCE35A-F9AC-4F33-BA41-B8A871E08111}"
EndProject
Project("{2150E333-8FDC-42A3-9474-1A3956D46DE8}") = "Libraries", "Libraries", "{4F0381E1-310A-426E-A6B6-C9A4916C03B4}"
EndProject
Project("{2150E333-8FDC-42A3-9474-1A3956D46DE8}") = "Plugins", "Plugins", "{E1AD0222-04B6-438A-ADCA-29385F1BD4E3}"
EndProject
Project("{2150E333-8FDC-42A3-9474-1A3956D46DE8}") = "Presentation", "Presentation", "{22AFDB45-82D9-49A4-AEC0-A56692DBFAD7}"
EndProject
Project("{9A19103F-16F7-4668-BE54-9A1E7A4F7556}") = "Hub.Core", "Hub\Libraries\Hub.Core\Hub.Core.csproj", "{71367585-24B6-4924-8CA4-3CA5E931DEC7}"
EndProject
Project("{9A19103F-16F7-4668-BE54-9A1E7A4F7556}") = "Hub.Data", "Hub\Libraries\Hub.Data\Hub.Data.csproj", "{10C9E35C-5491-4456-ACD1-B36167ECBB63}"
EndProject
Project("{9A19103F-16F7-4668-BE54-9A1E7A4F7556}") = "Hub.Services", "Hub\Libraries\Hub.Services\Hub.Services.csproj", "{D75D2F0B-091D-444A-B3AA-F764DA402C7F}"
EndProject
Project("{9A19103F-16F7-4668-BE54-9A1E7A4F7556}") = "Hub.Web", "Hub\Presentation\Hub.Web\Hub.Web.csproj", "{944D4E55-C9FD-4D20-9AB4-F9D9189CBC48}"
EndProject
Project("{9A19103F-16F7-4668-BE54-9A1E7A4F7556}") = "Hub.Web.Framework", "Hub\Presentation\Hub.Framework\Hub.Web.Framework.csproj", "{23677C6E-ABE4-4F9C-BDD2-7A757EB19FB5}"
EndProject
Project("{9A19103F-16F7-4668-BE54-9A1E7A4F7556}") = "Clients.Dash", "Clients\Dash\Clients.Dash.csproj", "{F738D397-07C3-4F93-BE0B-59B4860E1162}"
EndProject
Project("{2150E333-8FDC-42A3-9474-1A3956D46DE8}") = "Tests", "Tests", "{79D16684-CE37-4C2F-A7DE-8ECD6F46CBC8}"
EndProject
Project("{9A19103F-16F7-4668-BE54-9A1E7A4F7556}") = "Hub.Tests", "Tests\Hub.Tests\Hub.Tests.csproj", "{8D0A0AE6-54C3-42AA-AB2D-0E7366495295}"
EndProject
Project("{9A19103F-16F7-4668-BE54-9A1E7A4F7556}") = "Device.Disp.Tests", "Tests\Disp.Tests\Device.Disp.Tests.csproj", "{C9FC4D04-2AE0-4BE7-B266-D2721AA1375D}"
EndProject
Project("{9A19103F-16F7-4668-BE54-9A1E7A4F7556}") = "Client.Dash.Tests", "Tests\Dash.Tests\Client.Dash.Tests.csproj", "{B5408007-1534-4FF1-BAF6-F9E6D1907C6A}"
EndProject
Project("{9A19103F-16F7-4668-BE54-9A1E7A4F7556}") = "Shared.Clients", "Shared\Shared.Clients\Shared.Clients.csproj", "{C206642F-E626-4B6B-9484-9C129660638A}"
EndProject
Project("{9A19103F-16F7-4668-BE54-9A1E7A4F7556}") = "Shared.Common", "Shared\Shared.Common\Shared.Common.csproj", "{488BBBE7-6B3C-4C7A-A167-2B07D0EED3FD}"
EndProject
Project("{9A19103F-16F7-4668-BE54-9A1E7A4F7556}") = "Shared.Devices", "Shared\Shared.Devices\Shared.Devices.csproj", "{44B06360-A96C-4F3D-8F06-8D9E253811D8}"
EndProject
Project("{9A19103F-16F7-4668-BE54-9A1E7A4F7556}") = "Devices.Dispatcher", "Remote\Dispatcher\Devices.Dispatcher.csproj", "{B994FE7B-3D29-4988-927C-6F661253435F}"
EndProject
Project("{2150E333-8FDC-42A3-9474-1A3956D46DE8}") = "Handlers", "Handlers", "{35F3F348-45D6-4C5B-802D-C7CAC7F91FD2}"
EndProject
Project("{9A19103F-16F7-4668-BE54-9A1E7A4F7556}") = "SensorEmulator", "Remote\Handlers\SensorEmulator\SensorEmulator.csproj", "{9E5F3BDF-A3D0-47EC-99E1-39789F18B1C0}"
EndProject
Project("{9A19103F-16F7-4668-BE54-9A1E7A4F7556}") = "CamStreamingExample", "Remote\Handlers\CamStreamingExample\CamStreamingExample.csproj", "{56D860C4-E951-4B53-89AF-1EF8D45CDF91}"
EndProject
Project("{9A19103F-16F7-4668-BE54-9A1E7A4F7556}") = "Clients.Widgets", "Clients\Clients.Widgets\Clients.Widgets.csproj", "{B37BBDA5-5FD8-419A-8BD4-DC381041A56F}"
EndProject
Project("{2150E333-8FDC-42A3-9474-1A3956D46DE8}") = "DataMigrations", "DataMigrations", "{1A252B08-DE5E-45A1-99A2-8805205F667C}"
EndProject
Project("{9A19103F-16F7-4668-BE54-9A1E7A4F7556}") = "Hub.Data.PostgreSqlMigrations", "Hub\DataMigrations\Hub.Data.PostgreSqlMigrations\Hub.Data.PostgreSqlMigrations.csproj", "{83B1029C-FCDD-49C8-904C-12CAA5FF4750}"
EndProject
Project("{9A19103F-16F7-4668-BE54-9A1E7A4F7556}") = "Hub.Data.SqlServerMigrations", "Hub\DataMigrations\Hub.Data.SqlServerMigrations\Hub.Data.SqlServerMigrations.csproj", "{6C4044A0-6D2A-4A72-95BB-976E7A2318EF}"
EndProject
Global
	GlobalSection(SolutionConfigurationPlatforms) = preSolution
		Debug|Any CPU = Debug|Any CPU
		Release|Any CPU = Release|Any CPU
	EndGlobalSection
	GlobalSection(ProjectConfigurationPlatforms) = postSolution
		{71367585-24B6-4924-8CA4-3CA5E931DEC7}.Debug|Any CPU.ActiveCfg = Debug|Any CPU
		{71367585-24B6-4924-8CA4-3CA5E931DEC7}.Debug|Any CPU.Build.0 = Debug|Any CPU
		{71367585-24B6-4924-8CA4-3CA5E931DEC7}.Release|Any CPU.ActiveCfg = Release|Any CPU
		{71367585-24B6-4924-8CA4-3CA5E931DEC7}.Release|Any CPU.Build.0 = Release|Any CPU
		{10C9E35C-5491-4456-ACD1-B36167ECBB63}.Debug|Any CPU.ActiveCfg = Debug|Any CPU
		{10C9E35C-5491-4456-ACD1-B36167ECBB63}.Debug|Any CPU.Build.0 = Debug|Any CPU
		{10C9E35C-5491-4456-ACD1-B36167ECBB63}.Release|Any CPU.ActiveCfg = Release|Any CPU
		{10C9E35C-5491-4456-ACD1-B36167ECBB63}.Release|Any CPU.Build.0 = Release|Any CPU
		{D75D2F0B-091D-444A-B3AA-F764DA402C7F}.Debug|Any CPU.ActiveCfg = Debug|Any CPU
		{D75D2F0B-091D-444A-B3AA-F764DA402C7F}.Debug|Any CPU.Build.0 = Debug|Any CPU
		{D75D2F0B-091D-444A-B3AA-F764DA402C7F}.Release|Any CPU.ActiveCfg = Release|Any CPU
		{D75D2F0B-091D-444A-B3AA-F764DA402C7F}.Release|Any CPU.Build.0 = Release|Any CPU
		{944D4E55-C9FD-4D20-9AB4-F9D9189CBC48}.Debug|Any CPU.ActiveCfg = Debug|Any CPU
		{944D4E55-C9FD-4D20-9AB4-F9D9189CBC48}.Debug|Any CPU.Build.0 = Debug|Any CPU
		{944D4E55-C9FD-4D20-9AB4-F9D9189CBC48}.Release|Any CPU.ActiveCfg = Release|Any CPU
		{944D4E55-C9FD-4D20-9AB4-F9D9189CBC48}.Release|Any CPU.Build.0 = Release|Any CPU
		{23677C6E-ABE4-4F9C-BDD2-7A757EB19FB5}.Debug|Any CPU.ActiveCfg = Debug|Any CPU
		{23677C6E-ABE4-4F9C-BDD2-7A757EB19FB5}.Debug|Any CPU.Build.0 = Debug|Any CPU
		{23677C6E-ABE4-4F9C-BDD2-7A757EB19FB5}.Release|Any CPU.ActiveCfg = Release|Any CPU
		{23677C6E-ABE4-4F9C-BDD2-7A757EB19FB5}.Release|Any CPU.Build.0 = Release|Any CPU
		{F738D397-07C3-4F93-BE0B-59B4860E1162}.Debug|Any CPU.ActiveCfg = Debug|Any CPU
		{F738D397-07C3-4F93-BE0B-59B4860E1162}.Debug|Any CPU.Build.0 = Debug|Any CPU
		{F738D397-07C3-4F93-BE0B-59B4860E1162}.Release|Any CPU.ActiveCfg = Release|Any CPU
		{F738D397-07C3-4F93-BE0B-59B4860E1162}.Release|Any CPU.Build.0 = Release|Any CPU
		{8D0A0AE6-54C3-42AA-AB2D-0E7366495295}.Debug|Any CPU.ActiveCfg = Debug|Any CPU
		{8D0A0AE6-54C3-42AA-AB2D-0E7366495295}.Debug|Any CPU.Build.0 = Debug|Any CPU
		{8D0A0AE6-54C3-42AA-AB2D-0E7366495295}.Release|Any CPU.ActiveCfg = Release|Any CPU
		{8D0A0AE6-54C3-42AA-AB2D-0E7366495295}.Release|Any CPU.Build.0 = Release|Any CPU
		{C9FC4D04-2AE0-4BE7-B266-D2721AA1375D}.Debug|Any CPU.ActiveCfg = Debug|Any CPU
		{C9FC4D04-2AE0-4BE7-B266-D2721AA1375D}.Debug|Any CPU.Build.0 = Debug|Any CPU
		{C9FC4D04-2AE0-4BE7-B266-D2721AA1375D}.Release|Any CPU.ActiveCfg = Release|Any CPU
		{C9FC4D04-2AE0-4BE7-B266-D2721AA1375D}.Release|Any CPU.Build.0 = Release|Any CPU
		{B5408007-1534-4FF1-BAF6-F9E6D1907C6A}.Debug|Any CPU.ActiveCfg = Debug|Any CPU
		{B5408007-1534-4FF1-BAF6-F9E6D1907C6A}.Debug|Any CPU.Build.0 = Debug|Any CPU
		{B5408007-1534-4FF1-BAF6-F9E6D1907C6A}.Release|Any CPU.ActiveCfg = Release|Any CPU
		{B5408007-1534-4FF1-BAF6-F9E6D1907C6A}.Release|Any CPU.Build.0 = Release|Any CPU
		{C206642F-E626-4B6B-9484-9C129660638A}.Debug|Any CPU.ActiveCfg = Debug|Any CPU
		{C206642F-E626-4B6B-9484-9C129660638A}.Debug|Any CPU.Build.0 = Debug|Any CPU
		{C206642F-E626-4B6B-9484-9C129660638A}.Release|Any CPU.ActiveCfg = Release|Any CPU
		{C206642F-E626-4B6B-9484-9C129660638A}.Release|Any CPU.Build.0 = Release|Any CPU
		{488BBBE7-6B3C-4C7A-A167-2B07D0EED3FD}.Debug|Any CPU.ActiveCfg = Debug|Any CPU
		{488BBBE7-6B3C-4C7A-A167-2B07D0EED3FD}.Debug|Any CPU.Build.0 = Debug|Any CPU
		{488BBBE7-6B3C-4C7A-A167-2B07D0EED3FD}.Release|Any CPU.ActiveCfg = Release|Any CPU
		{488BBBE7-6B3C-4C7A-A167-2B07D0EED3FD}.Release|Any CPU.Build.0 = Release|Any CPU
		{44B06360-A96C-4F3D-8F06-8D9E253811D8}.Debug|Any CPU.ActiveCfg = Debug|Any CPU
		{44B06360-A96C-4F3D-8F06-8D9E253811D8}.Debug|Any CPU.Build.0 = Debug|Any CPU
		{44B06360-A96C-4F3D-8F06-8D9E253811D8}.Release|Any CPU.ActiveCfg = Release|Any CPU
		{44B06360-A96C-4F3D-8F06-8D9E253811D8}.Release|Any CPU.Build.0 = Release|Any CPU
		{B994FE7B-3D29-4988-927C-6F661253435F}.Debug|Any CPU.ActiveCfg = Debug|Any CPU
		{B994FE7B-3D29-4988-927C-6F661253435F}.Debug|Any CPU.Build.0 = Debug|Any CPU
		{B994FE7B-3D29-4988-927C-6F661253435F}.Release|Any CPU.ActiveCfg = Release|Any CPU
		{B994FE7B-3D29-4988-927C-6F661253435F}.Release|Any CPU.Build.0 = Release|Any CPU
		{9E5F3BDF-A3D0-47EC-99E1-39789F18B1C0}.Debug|Any CPU.ActiveCfg = Debug|Any CPU
		{9E5F3BDF-A3D0-47EC-99E1-39789F18B1C0}.Debug|Any CPU.Build.0 = Debug|Any CPU
		{9E5F3BDF-A3D0-47EC-99E1-39789F18B1C0}.Release|Any CPU.ActiveCfg = Release|Any CPU
		{9E5F3BDF-A3D0-47EC-99E1-39789F18B1C0}.Release|Any CPU.Build.0 = Release|Any CPU
		{56D860C4-E951-4B53-89AF-1EF8D45CDF91}.Debug|Any CPU.ActiveCfg = Debug|Any CPU
		{56D860C4-E951-4B53-89AF-1EF8D45CDF91}.Debug|Any CPU.Build.0 = Debug|Any CPU
		{56D860C4-E951-4B53-89AF-1EF8D45CDF91}.Release|Any CPU.ActiveCfg = Release|Any CPU
		{56D860C4-E951-4B53-89AF-1EF8D45CDF91}.Release|Any CPU.Build.0 = Release|Any CPU
		{B37BBDA5-5FD8-419A-8BD4-DC381041A56F}.Debug|Any CPU.ActiveCfg = Debug|Any CPU
		{B37BBDA5-5FD8-419A-8BD4-DC381041A56F}.Debug|Any CPU.Build.0 = Debug|Any CPU
		{B37BBDA5-5FD8-419A-8BD4-DC381041A56F}.Release|Any CPU.ActiveCfg = Release|Any CPU
		{B37BBDA5-5FD8-419A-8BD4-DC381041A56F}.Release|Any CPU.Build.0 = Release|Any CPU
		{83B1029C-FCDD-49C8-904C-12CAA5FF4750}.Debug|Any CPU.ActiveCfg = Debug|Any CPU
		{83B1029C-FCDD-49C8-904C-12CAA5FF4750}.Debug|Any CPU.Build.0 = Debug|Any CPU
		{83B1029C-FCDD-49C8-904C-12CAA5FF4750}.Release|Any CPU.ActiveCfg = Release|Any CPU
		{83B1029C-FCDD-49C8-904C-12CAA5FF4750}.Release|Any CPU.Build.0 = Release|Any CPU
		{6C4044A0-6D2A-4A72-95BB-976E7A2318EF}.Debug|Any CPU.ActiveCfg = Debug|Any CPU
		{6C4044A0-6D2A-4A72-95BB-976E7A2318EF}.Debug|Any CPU.Build.0 = Debug|Any CPU
		{6C4044A0-6D2A-4A72-95BB-976E7A2318EF}.Release|Any CPU.ActiveCfg = Release|Any CPU
		{6C4044A0-6D2A-4A72-95BB-976E7A2318EF}.Release|Any CPU.Build.0 = Release|Any CPU
	EndGlobalSection
	GlobalSection(SolutionProperties) = preSolution
		HideSolutionNode = FALSE
	EndGlobalSection
	GlobalSection(NestedProjects) = preSolution
		{4F0381E1-310A-426E-A6B6-C9A4916C03B4} = {FDF1F40A-65FC-4E9C-B684-519DE65C444D}
		{E1AD0222-04B6-438A-ADCA-29385F1BD4E3} = {FDF1F40A-65FC-4E9C-B684-519DE65C444D}
		{22AFDB45-82D9-49A4-AEC0-A56692DBFAD7} = {FDF1F40A-65FC-4E9C-B684-519DE65C444D}
		{71367585-24B6-4924-8CA4-3CA5E931DEC7} = {4F0381E1-310A-426E-A6B6-C9A4916C03B4}
		{10C9E35C-5491-4456-ACD1-B36167ECBB63} = {4F0381E1-310A-426E-A6B6-C9A4916C03B4}
		{D75D2F0B-091D-444A-B3AA-F764DA402C7F} = {4F0381E1-310A-426E-A6B6-C9A4916C03B4}
		{944D4E55-C9FD-4D20-9AB4-F9D9189CBC48} = {22AFDB45-82D9-49A4-AEC0-A56692DBFAD7}
		{23677C6E-ABE4-4F9C-BDD2-7A757EB19FB5} = {22AFDB45-82D9-49A4-AEC0-A56692DBFAD7}
		{F738D397-07C3-4F93-BE0B-59B4860E1162} = {242E99F8-F048-49B4-B741-FEF1F392EABD}
		{8D0A0AE6-54C3-42AA-AB2D-0E7366495295} = {79D16684-CE37-4C2F-A7DE-8ECD6F46CBC8}
		{C9FC4D04-2AE0-4BE7-B266-D2721AA1375D} = {79D16684-CE37-4C2F-A7DE-8ECD6F46CBC8}
		{B5408007-1534-4FF1-BAF6-F9E6D1907C6A} = {79D16684-CE37-4C2F-A7DE-8ECD6F46CBC8}
		{C206642F-E626-4B6B-9484-9C129660638A} = {BCCCE35A-F9AC-4F33-BA41-B8A871E08111}
		{488BBBE7-6B3C-4C7A-A167-2B07D0EED3FD} = {BCCCE35A-F9AC-4F33-BA41-B8A871E08111}
		{44B06360-A96C-4F3D-8F06-8D9E253811D8} = {BCCCE35A-F9AC-4F33-BA41-B8A871E08111}
		{B994FE7B-3D29-4988-927C-6F661253435F} = {DEC2A420-D365-4242-B6C4-3589611C57D2}
		{35F3F348-45D6-4C5B-802D-C7CAC7F91FD2} = {DEC2A420-D365-4242-B6C4-3589611C57D2}
		{9E5F3BDF-A3D0-47EC-99E1-39789F18B1C0} = {35F3F348-45D6-4C5B-802D-C7CAC7F91FD2}
		{56D860C4-E951-4B53-89AF-1EF8D45CDF91} = {35F3F348-45D6-4C5B-802D-C7CAC7F91FD2}
		{B37BBDA5-5FD8-419A-8BD4-DC381041A56F} = {242E99F8-F048-49B4-B741-FEF1F392EABD}
		{1A252B08-DE5E-45A1-99A2-8805205F667C} = {FDF1F40A-65FC-4E9C-B684-519DE65C444D}
		{83B1029C-FCDD-49C8-904C-12CAA5FF4750} = {1A252B08-DE5E-45A1-99A2-8805205F667C}
		{6C4044A0-6D2A-4A72-95BB-976E7A2318EF} = {1A252B08-DE5E-45A1-99A2-8805205F667C}
	EndGlobalSection
	GlobalSection(ExtensibilityGlobals) = postSolution
		SolutionGuid = {440BA24B-16ED-4FFC-9615-E2839B87A4F3}
	EndGlobalSection
EndGlobal
